lockfile_version: '1'
generated_at: '2026-09-20T17:42:53.587895+00:00'
apm_version: 0.28.0
dependencies:
- repo_url: dbroeglin/effective-engineering-skills
  name: skill-creator
  host: github.com
  resolved_commit: 574ee19f500b9490f24e70b415d53316720bfadf
  resolved_ref: 574ee19f500b9490f24e70b415d53316720bfadf
  version: unknown
  virtual_path: .agents/skills/skill-creator
  is_virtual: true
  package_type: claude_skill
  deployed_files:
  - .agents/skills/skill-creator
  - .agents/skills/skill-creator/LICENSE.txt
  - .agents/skills/skill-creator/NOTICE
  - .agents/skills/skill-creator/SKILL.md
  - .agents/skills/skill-creator/agents/analyzer.md
  - .agents/skills/skill-creator/agents/comparator.md
  - .agents/skills/skill-creator/agents/grader.md
  - .agents/skills/skill-creator/assets/eval_review.html
  - .agents/skills/skill-creator/eval-viewer/generate_review.py
  - .agents/skills/skill-creator/eval-viewer/viewer.html
  - .agents/skills/skill-creator/references/copilot-runtime.md
  - .agents/skills/skill-creator/references/schemas.md
  - .agents/skills/skill-creator/requirements.txt
  - .agents/skills/skill-creator/scripts/__init__.py
  - .agents/skills/skill-creator/scripts/aggregate_benchmark.py
  - .agents/skills/skill-creator/scripts/copilot_runner.py
  - .agents/skills/skill-creator/scripts/generate_report.py
  - .agents/skills/skill-creator/scripts/improve_description.py
  - .agents/skills/skill-creator/scripts/package_skill.py
  - .agents/skills/skill-creator/scripts/quick_validate.py
  - .agents/skills/skill-creator/scripts/run_eval.py
  - .agents/skills/skill-creator/scripts/run_loop.py
  - .agents/skills/skill-creator/scripts/utils.py
  - .agents/skills/skill-creator/tests/test_artifacts.py
  - .agents/skills/skill-creator/tests/test_copilot.py
  - .agents/skills/skill-creator/tests/test_packaging.py
  deployed_file_hashes:
    .agents/skills/skill-creator/LICENSE.txt: sha256:bc6b3af2f331cbc7fb0da1344efb2cbe5877a31498b4d70dbc7000f3405a1362
    .agents/skills/skill-creator/NOTICE: sha256:6ed79f84fe3b60a36d9189c3509960c863e494bd02974112c78a34ea5c93184f
    .agents/skills/skill-creator/SKILL.md: sha256:fea7346ea93b1ac99f00b49404908470c700087c5240f417a9f439933a8c4378
    .agents/skills/skill-creator/agents/analyzer.md: sha256:bf68f4cac5a56c673a928c2e6d619586c5b93ea364026ab37547772cb45a663a
    .agents/skills/skill-creator/agents/comparator.md: sha256:fe1fc9787c495d864c5d6eada47396478572325fde1b33a96d78bf4b849b7a3e
    .agents/skills/skill-creator/agents/grader.md: sha256:c4d15596208f8e469bf73eda1b9339765c424f3912509072af5973758db43643
    .agents/skills/skill-creator/assets/eval_review.html: sha256:ce477dcc74dc1c0d1d3352646a79167b5a63634e936b1019160025065974e452
    .agents/skills/skill-creator/eval-viewer/generate_review.py: sha256:107edf876437b0fce6e5310469425bb4677ba89401650af25ae18261a51fa7ff
    .agents/skills/skill-creator/eval-viewer/viewer.html: sha256:822f180860d863283c529fc642918d705a50de92988daa1418c8eb323cc73491
    .agents/skills/skill-creator/references/copilot-runtime.md: sha256:4f903ab2325aec581c3cc8d6c63cc44c7b72a6be30a11b62d0d2a85a01fd6e0c
    .agents/skills/skill-creator/references/schemas.md: sha256:d126f53cfbe228bfb5edbf9a9de4bbbfd86bb070eaace905f89d1f57ba881fa7
    .agents/skills/skill-creator/requirements.txt: sha256:3ba7d7ef26bcd83c7c0b751bd10c7027831c1a56c9bb09abaa5f449e0787f77d
    .agents/skills/skill-creator/scripts/__init__.py: sha256:e3b0c44298fc1c149afbf4c8996fb92427ae41e4649b934ca495991b7852b855
    .agents/skills/skill-creator/scripts/aggregate_benchmark.py: sha256:14e1d273f982577df61e5dfd91147ad0ff758c8891564be6ece97f92152f6623
    .agents/skills/skill-creator/scripts/copilot_runner.py: sha256:7790a9b6b296330044414b78e3d2147c2ca837f61b12df06f569cbc8538df0d9
    .agents/skills/skill-creator/scripts/generate_report.py: sha256:dd1c740f85a8133666fd2323b8fb9ccd28c54fb83f1a6ee3c5ed2049820ecdb4
    .agents/skills/skill-creator/scripts/improve_description.py: sha256:dc303381dcd2379101c67a6806ef5adc0fbcd0f6353a6797003a51cdd5e6050f
    .agents/skills/skill-creator/scripts/package_skill.py: sha256:f3b96e7827f031d581d929412d7710b0a39eb79bd9d7d3c93ed6af022b0c3647
    .agents/skills/skill-creator/scripts/quick_validate.py: sha256:2e93ab88e2ead35716b6ea7670aaf5bf9c40be1bc6653aefacd6655bbfe4b420
    .agents/skills/skill-creator/scripts/run_eval.py: sha256:19cb29009551e8a7707e8e8be4a2115effb470e2ee571c4696bacc97f7219504
    .agents/skills/skill-creator/scripts/run_loop.py: sha256:528790dca1cd889f7cac41bf8817e88cbab9e67a78932d4088be02d096e3ac46
    .agents/skills/skill-creator/scripts/utils.py: sha256:78cfc768306cd89ba82086546228cd3f7cc17efb3c29f9bf7ee729f8c455670c
    .agents/skills/skill-creator/tests/test_artifacts.py: sha256:df1fbda440314cca9eede9949de5ee5bc2a59b09cea74f13b4c51c5bf493247f
    .agents/skills/skill-creator/tests/test_copilot.py: sha256:ee60d5e857a62e8522b8367c6997839d2ee51e0a0958b854fd08c5dd86e0a252
    .agents/skills/skill-creator/tests/test_packaging.py: sha256:af71e29ae533f409da8da40de670103714efd2b756c2df39c62b1a00a8e6425a
  content_hash: sha256:53d5c61bed512be09275636b0a75441c2627a48ca36f52e1248478a874be919d
- repo_url: francesco-kruk/clew-skills
  name: course-content
  host: github.com
  resolved_commit: d4e0880642b0870857749978417cb9561487626a
  resolved_ref: d4e0880642b0870857749978417cb9561487626a
  version: 3.0.0
  virtual_path: skills/course-content
  is_virtual: true
  package_type: hybrid
  deployed_files:
  - .agents/skills/course-content
  - .agents/skills/course-content/LICENSE
  - .agents/skills/course-content/SKILL.md
  - .agents/skills/course-content/apm.yml
  - .agents/skills/course-content/references/clew-structure.md
  - .agents/skills/course-content/references/navigation.md
  - .agents/skills/course-content/references/provenance.md
  - .agents/skills/course-content/references/validation.md
  - .agents/skills/course-content/requirements.txt
  - .agents/skills/course-content/schemas/note.schema.json
  - .agents/skills/course-content/schemas/source-map.schema.json
  - .agents/skills/course-content/schemas/verification.schema.json
  - .agents/skills/course-content/scripts/validate_clew.py
  - .agents/skills/course-content/tests/test_validate_clew.py
  deployed_file_hashes:
    .agents/skills/course-content/LICENSE: sha256:b7a717ad2f8f7e75f44a020b52c4b9199f9d7dd99e2e75f533dd28f3e975ac5a
    .agents/skills/course-content/SKILL.md: sha256:13bc4b72407420b30ff6bb59d8cefab702dadb103f225c8453637cd3815250df
    .agents/skills/course-content/apm.yml: sha256:5bc8aa1bb7e1e5b4464e3577785ec9e430a91f5321b3345583ccc5163d0502f5
    .agents/skills/course-content/references/clew-structure.md: sha256:1c5acd8ebcc19fa3763bc74e410ae43f5f2a4bf35a8b2accde34bead1620e303
    .agents/skills/course-content/references/navigation.md: sha256:c8b447e019cdbf12b935806d12111bfa7178c86b7ac72c30bdfc68d50b196252
    .agents/skills/course-content/references/provenance.md: sha256:d7e9c5cc656f783ec2273ad1cf30ec1201f6675a0ee745f1c2bd77aa6f9f7da5
    .agents/skills/course-content/references/validation.md: sha256:dcf4b1c77b5b2b9f2af0acc36688df95c308c3e59a71925ba7242f26847bf161
    .agents/skills/course-content/requirements.txt: sha256:46ce699570b7cc6fda447782cfdfd216bba7bfea37044facb2e13f0f2f5f4b28
    .agents/skills/course-content/schemas/note.schema.json: sha256:ffb9ef108fd4aa2c55d8a3893955cc241688256d07d88c783545bb3508c4402d
    .agents/skills/course-content/schemas/source-map.schema.json: sha256:2eb827978202d746a4b2bb244452ae7c8774a031a377223040b036febf3bc1b4
    .agents/skills/course-content/schemas/verification.schema.json: sha256:422251472b317a2f45a7721798271afac2e2b11b329439f6038021cc8035284f
    .agents/skills/course-content/scripts/validate_clew.py: sha256:a87408a61ebea420fb51dea1cb4736f50d4e11a45ac52918cc178dd26aa2038c
    .agents/skills/course-content/tests/test_validate_clew.py: sha256:a6f7206f02223a72639dd6e9459a2dd3ca6ac4d10bf9cde53daef77fde0f67f9
  content_hash: sha256:b8cd7397cc1d1c4a372b4cfe527e9054744e536f60ba38ced5afd1a8f53dab84
  declared_license: MIT
- repo_url: francesco-kruk/clew-skills
  name: learner-model
  host: github.com
  resolved_commit: d4e0880642b0870857749978417cb9561487626a
  resolved_ref: d4e0880642b0870857749978417cb9561487626a
  version: 3.0.0
  virtual_path: skills/learner-model
  is_virtual: true
  package_type: hybrid
  deployed_files:
  - .agents/skills/learner-model
  - .agents/skills/learner-model/LICENSE
  - .agents/skills/learner-model/SKILL.md
  - .agents/skills/learner-model/apm.yml
  - .agents/skills/learner-model/references/clarification-gates.md
  - .agents/skills/learner-model/references/learner-model-spec.md
  deployed_file_hashes:
    .agents/skills/learner-model/LICENSE: sha256:b7a717ad2f8f7e75f44a020b52c4b9199f9d7dd99e2e75f533dd28f3e975ac5a
    .agents/skills/learner-model/SKILL.md: sha256:2a50aa2ff4f6201ec29b3fe4becb1638448b48abdbded75a7a9f5854c5123780
    .agents/skills/learner-model/apm.yml: sha256:8f3c3e0c3cddc0cc6e2600b5581bd8e615ac2d1d5f0824c828ab1be8fd30e6ec
    .agents/skills/learner-model/references/clarification-gates.md: sha256:1871218d83f38473165172f4c2ac41b2843d093c0a5667a9cee83db78cd10742
    .agents/skills/learner-model/references/learner-model-spec.md: sha256:8c223b69a3e7b8612d4002cba277f140a6b61292bd117c2ddba4d75d1a33c8b5
  content_hash: sha256:a73213f8b3b85fa3c6ebdf556b38aa3b7f39180fa491786d2ecd8240d19310b0
  declared_license: MIT
- repo_url: github/awesome-copilot
  name: create-architectural-decision-record
  host: github.com
  resolved_commit: fb4eb04fcbd30de50052b1155d81167393dfb5aa
  resolved_ref: fb4eb04fcbd30de50052b1155d81167393dfb5aa
  version: unknown
  virtual_path: skills/create-architectural-decision-record
  is_virtual: true
  package_type: claude_skill
  deployed_files:
  - .agents/skills/create-architectural-decision-record
  - .agents/skills/create-architectural-decision-record/SKILL.md
  deployed_file_hashes:
    .agents/skills/create-architectural-decision-record/SKILL.md: sha256:c11af0c34fa034e36e622ad97f1194824c3cbbe675a8b17cdc0bedc91b188a72
  content_hash: sha256:5c99e32293271aef0270c279c2af8b62301e29257bf85f2ebf7e810c740b4404
- repo_url: kepano/obsidian-skills
  name: defuddle
  host: github.com
  resolved_commit: 8ccef29ae8624eccc734e77ced4a6e54baf5d83a
  resolved_ref: 8ccef29ae8624eccc734e77ced4a6e54baf5d83a
  version: unknown
  virtual_path: skills/defuddle
  is_virtual: true
  package_type: claude_skill
  deployed_files:
  - .agents/skills/defuddle
  - .agents/skills/defuddle/SKILL.md
  deployed_file_hashes:
    .agents/skills/defuddle/SKILL.md: sha256:10673a4dc70a0a057612d443243ab7a5aa4abdd4a0fadc3f6eec5fd71ad5a971
  content_hash: sha256:0ed68bc3e818ba0e6b8d192357ea3daaf552a3893f8854e7fd43c06831f91323
- repo_url: kepano/obsidian-skills
  name: json-canvas
  host: github.com
  resolved_commit: 8ccef29ae8624eccc734e77ced4a6e54baf5d83a
  resolved_ref: 8ccef29ae8624eccc734e77ced4a6e54baf5d83a
  version: unknown
  virtual_path: skills/json-canvas
  is_virtual: true
  package_type: claude_skill
  deployed_files:
  - .agents/skills/json-canvas
  - .agents/skills/json-canvas/SKILL.md
  - .agents/skills/json-canvas/references/EXAMPLES.md
  deployed_file_hashes:
    .agents/skills/json-canvas/SKILL.md: sha256:97d1ae0728955c4203922753d5656890e5e4dd371b8306ea11884f9b510f1b85
    .agents/skills/json-canvas/references/EXAMPLES.md: sha256:f5ce15a4b74643122396265e8c37c828874a4005794de2aee7030662968768eb
  content_hash: sha256:b2296db7a2c7582b96ccdb14815873985250803ed9f626dbc1180821e9bd7691
- repo_url: kepano/obsidian-skills
  name: obsidian-bases
  host: github.com
  resolved_commit: 8ccef29ae8624eccc734e77ced4a6e54baf5d83a
  resolved_ref: 8ccef29ae8624eccc734e77ced4a6e54baf5d83a
  version: unknown
  virtual_path: skills/obsidian-bases
  is_virtual: true
  package_type: claude_skill
  deployed_files:
  - .agents/skills/obsidian-bases
  - .agents/skills/obsidian-bases/SKILL.md
  - .agents/skills/obsidian-bases/references/FUNCTIONS_REFERENCE.md
  deployed_file_hashes:
    .agents/skills/obsidian-bases/SKILL.md: sha256:c0037f20926c7d8591cdd040365e4c0e4c0c4146386a506f28f241faee9a27d9
    .agents/skills/obsidian-bases/references/FUNCTIONS_REFERENCE.md: sha256:208fd63aead9bca1975626fea52605e6ab9434dc0529d923feb36b18b8877d3b
  content_hash: sha256:c5b65df92f3d8a4509efad8814dc0d5c92d037d4c2024778280a4210f175e061
- repo_url: kepano/obsidian-skills
  name: obsidian-cli
  host: github.com
  resolved_commit: 8ccef29ae8624eccc734e77ced4a6e54baf5d83a
  resolved_ref: 8ccef29ae8624eccc734e77ced4a6e54baf5d83a
  version: unknown
  virtual_path: skills/obsidian-cli
  is_virtual: true
  package_type: claude_skill
  deployed_files:
  - .agents/skills/obsidian-cli
  - .agents/skills/obsidian-cli/SKILL.md
  deployed_file_hashes:
    .agents/skills/obsidian-cli/SKILL.md: sha256:b54257cdc0e5d04488b35b0c797bfe427b24359f0848d3c73924dcacf8da6358
  content_hash: sha256:f46ae626875f7e47c410c2ee93896c4526024ebe127719e8fb430261b5677edc
- repo_url: kepano/obsidian-skills
  name: obsidian-markdown
  host: github.com
  resolved_commit: 8ccef29ae8624eccc734e77ced4a6e54baf5d83a
  resolved_ref: 8ccef29ae8624eccc734e77ced4a6e54baf5d83a
  version: unknown
  virtual_path: skills/obsidian-markdown
  is_virtual: true
  package_type: claude_skill
  deployed_files:
  - .agents/skills/obsidian-markdown
  - .agents/skills/obsidian-markdown/SKILL.md
  - .agents/skills/obsidian-markdown/references/CALLOUTS.md
  - .agents/skills/obsidian-markdown/references/EMBEDS.md
  - .agents/skills/obsidian-markdown/references/PROPERTIES.md
  deployed_file_hashes:
    .agents/skills/obsidian-markdown/SKILL.md: sha256:7ad72e1f0a9081ed325e76b6402ad5de50a00e63e2341fd403a92f147234a007
    .agents/skills/obsidian-markdown/references/CALLOUTS.md: sha256:9912ec2e3f8711f65b8ceb82cc19cbffc5e6f8ccf2ab627e18926c522c383d8b
    .agents/skills/obsidian-markdown/references/EMBEDS.md: sha256:63b6205507e28fb58cf200bc348a2b139e50ae739743e2e6316732148973cb7a
    .agents/skills/obsidian-markdown/references/PROPERTIES.md: sha256:392953b5838c3ab3df135b5a914f100ae7b95e4501b6a2e5c8dc63da3ac7558b
  content_hash: sha256:622c48fb0c4642ef3725e782e96a37e645832d674df67f1a9383f3b592c354fe
deployments:
- kind: project-relative
  target: agent-skills
  value: .agents/skills/course-content
  runtime: null
  scope: project
  owners:
  - francesco-kruk/clew-skills/skills/course-content
  active_owner: francesco-kruk/clew-skills/skills/course-content
  content_hash: null
- kind: project-relative
  target: agent-skills
  value: .agents/skills/course-content/LICENSE
  runtime: null
  scope: project
  owners:
  - francesco-kruk/clew-skills/skills/course-content
  active_owner: francesco-kruk/clew-skills/skills/course-content
  content_hash: sha256:b7a717ad2f8f7e75f44a020b52c4b9199f9d7dd99e2e75f533dd28f3e975ac5a
- kind: project-relative
  target: agent-skills
  value: .agents/skills/course-content/SKILL.md
  runtime: null
  scope: project
  owners:
  - francesco-kruk/clew-skills/skills/course-content
  active_owner: francesco-kruk/clew-skills/skills/course-content
  content_hash: sha256:13bc4b72407420b30ff6bb59d8cefab702dadb103f225c8453637cd3815250df
- kind: project-relative
  target: agent-skills
  value: .agents/skills/course-content/apm.yml
  runtime: null
  scope: project
  owners:
  - francesco-kruk/clew-skills/skills/course-content
  active_owner: francesco-kruk/clew-skills/skills/course-content
  content_hash: sha256:5bc8aa1bb7e1e5b4464e3577785ec9e430a91f5321b3345583ccc5163d0502f5
- kind: project-relative
  target: agent-skills
  value: .agents/skills/course-content/references/clew-structure.md
  runtime: null
  scope: project
  owners:
  - francesco-kruk/clew-skills/skills/course-content
  active_owner: francesco-kruk/clew-skills/skills/course-content
  content_hash: sha256:1c5acd8ebcc19fa3763bc74e410ae43f5f2a4bf35a8b2accde34bead1620e303
- kind: project-relative
  target: agent-skills
  value: .agents/skills/course-content/references/navigation.md
  runtime: null
  scope: project
  owners:
  - francesco-kruk/clew-skills/skills/course-content
  active_owner: francesco-kruk/clew-skills/skills/course-content
  content_hash: sha256:c8b447e019cdbf12b935806d12111bfa7178c86b7ac72c30bdfc68d50b196252
- kind: project-relative
  target: agent-skills
  value: .agents/skills/course-content/references/provenance.md
  runtime: null
  scope: project
  owners:
  - francesco-kruk/clew-skills/skills/course-content
  active_owner: francesco-kruk/clew-skills/skills/course-content
  content_hash: sha256:d7e9c5cc656f783ec2273ad1cf30ec1201f6675a0ee745f1c2bd77aa6f9f7da5
- kind: project-relative
  target: agent-skills
  value: .agents/skills/course-content/references/validation.md
  runtime: null
  scope: project
  owners:
  - francesco-kruk/clew-skills/skills/course-content
  active_owner: francesco-kruk/clew-skills/skills/course-content
  content_hash: sha256:dcf4b1c77b5b2b9f2af0acc36688df95c308c3e59a71925ba7242f26847bf161
- kind: project-relative
  target: agent-skills
  value: .agents/skills/course-content/requirements.txt
  runtime: null
  scope: project
  owners:
  - francesco-kruk/clew-skills/skills/course-content
  active_owner: francesco-kruk/clew-skills/skills/course-content
  content_hash: sha256:46ce699570b7cc6fda447782cfdfd216bba7bfea37044facb2e13f0f2f5f4b28
- kind: project-relative
  target: agent-skills
  value: .agents/skills/course-content/schemas/note.schema.json
  runtime: null
  scope: project
  owners:
  - francesco-kruk/clew-skills/skills/course-content
  active_owner: francesco-kruk/clew-skills/skills/course-content
  content_hash: sha256:ffb9ef108fd4aa2c55d8a3893955cc241688256d07d88c783545bb3508c4402d
- kind: project-relative
  target: agent-skills
  value: .agents/skills/course-content/schemas/source-map.schema.json
  runtime: null
  scope: project
  owners:
  - francesco-kruk/clew-skills/skills/course-content
  active_owner: francesco-kruk/clew-skills/skills/course-content
  content_hash: sha256:2eb827978202d746a4b2bb244452ae7c8774a031a377223040b036febf3bc1b4
- kind: project-relative
  target: agent-skills
  value: .agents/skills/course-content/schemas/verification.schema.json
  runtime: null
  scope: project
  owners:
  - francesco-kruk/clew-skills/skills/course-content
  active_owner: francesco-kruk/clew-skills/skills/course-content
  content_hash: sha256:422251472b317a2f45a7721798271afac2e2b11b329439f6038021cc8035284f
- kind: project-relative
  target: agent-skills
  value: .agents/skills/course-content/scripts/validate_clew.py
  runtime: null
  scope: project
  owners:
  - francesco-kruk/clew-skills/skills/course-content
  active_owner: francesco-kruk/clew-skills/skills/course-content
  content_hash: sha256:a87408a61ebea420fb51dea1cb4736f50d4e11a45ac52918cc178dd26aa2038c
- kind: project-relative
  target: agent-skills
  value: .agents/skills/course-content/tests/test_validate_clew.py
  runtime: null
  scope: project
  owners:
  - francesco-kruk/clew-skills/skills/course-content
  active_owner: francesco-kruk/clew-skills/skills/course-content
  content_hash: sha256:a6f7206f02223a72639dd6e9459a2dd3ca6ac4d10bf9cde53daef77fde0f67f9
- kind: project-relative
  target: agent-skills
  value: .agents/skills/create-architectural-decision-record
  runtime: null
  scope: project
  owners:
  - github/awesome-copilot/skills/create-architectural-decision-record
  active_owner: github/awesome-copilot/skills/create-architectural-decision-record
  content_hash: null
- kind: project-relative
  target: agent-skills
  value: .agents/skills/create-architectural-decision-record/SKILL.md
  runtime: null
  scope: project
  owners:
  - github/awesome-copilot/skills/create-architectural-decision-record
  active_owner: github/awesome-copilot/skills/create-architectural-decision-record
  content_hash: sha256:c11af0c34fa034e36e622ad97f1194824c3cbbe675a8b17cdc0bedc91b188a72
- kind: project-relative
  target: agent-skills
  value: .agents/skills/defuddle
  runtime: null
  scope: project
  owners:
  - kepano/obsidian-skills/skills/defuddle
  active_owner: kepano/obsidian-skills/skills/defuddle
  content_hash: null
- kind: project-relative
  target: agent-skills
  value: .agents/skills/defuddle/SKILL.md
  runtime: null
  scope: project
  owners:
  - kepano/obsidian-skills/skills/defuddle
  active_owner: kepano/obsidian-skills/skills/defuddle
  content_hash: sha256:10673a4dc70a0a057612d443243ab7a5aa4abdd4a0fadc3f6eec5fd71ad5a971
- kind: project-relative
  target: agent-skills
  value: .agents/skills/json-canvas
  runtime: null
  scope: project
  owners:
  - kepano/obsidian-skills/skills/json-canvas
  active_owner: kepano/obsidian-skills/skills/json-canvas
  content_hash: null
- kind: project-relative
  target: agent-skills
  value: .agents/skills/json-canvas/SKILL.md
  runtime: null
  scope: project
  owners:
  - kepano/obsidian-skills/skills/json-canvas
  active_owner: kepano/obsidian-skills/skills/json-canvas
  content_hash: sha256:97d1ae0728955c4203922753d5656890e5e4dd371b8306ea11884f9b510f1b85
- kind: project-relative
  target: agent-skills
  value: .agents/skills/json-canvas/references/EXAMPLES.md
  runtime: null
  scope: project
  owners:
  - kepano/obsidian-skills/skills/json-canvas
  active_owner: kepano/obsidian-skills/skills/json-canvas
  content_hash: sha256:f5ce15a4b74643122396265e8c37c828874a4005794de2aee7030662968768eb
- kind: project-relative
  target: agent-skills
  value: .agents/skills/learner-model
  runtime: null
  scope: project
  owners:
  - francesco-kruk/clew-skills/skills/learner-model
  active_owner: francesco-kruk/clew-skills/skills/learner-model
  content_hash: null
- kind: project-relative
  target: agent-skills
  value: .agents/skills/learner-model/LICENSE
  runtime: null
  scope: project
  owners:
  - francesco-kruk/clew-skills/skills/learner-model
  active_owner: francesco-kruk/clew-skills/skills/learner-model
  content_hash: sha256:b7a717ad2f8f7e75f44a020b52c4b9199f9d7dd99e2e75f533dd28f3e975ac5a
- kind: project-relative
  target: agent-skills
  value: .agents/skills/learner-model/SKILL.md
  runtime: null
  scope: project
  owners:
  - francesco-kruk/clew-skills/skills/learner-model
  active_owner: francesco-kruk/clew-skills/skills/learner-model
  content_hash: sha256:2a50aa2ff4f6201ec29b3fe4becb1638448b48abdbded75a7a9f5854c5123780
- kind: project-relative
  target: agent-skills
  value: .agents/skills/learner-model/apm.yml
  runtime: null
  scope: project
  owners:
  - francesco-kruk/clew-skills/skills/learner-model
  active_owner: francesco-kruk/clew-skills/skills/learner-model
  content_hash: sha256:8f3c3e0c3cddc0cc6e2600b5581bd8e615ac2d1d5f0824c828ab1be8fd30e6ec
- kind: project-relative
  target: agent-skills
  value: .agents/skills/learner-model/references/clarification-gates.md
  runtime: null
  scope: project
  owners:
  - francesco-kruk/clew-skills/skills/learner-model
  active_owner: francesco-kruk/clew-skills/skills/learner-model
  content_hash: sha256:1871218d83f38473165172f4c2ac41b2843d093c0a5667a9cee83db78cd10742
- kind: project-relative
  target: agent-skills
  value: .agents/skills/learner-model/references/learner-model-spec.md
  runtime: null
  scope: project
  owners:
  - francesco-kruk/clew-skills/skills/learner-model
  active_owner: francesco-kruk/clew-skills/skills/learner-model
  content_hash: sha256:8c223b69a3e7b8612d4002cba277f140a6b61292bd117c2ddba4d75d1a33c8b5
- kind: project-relative
  target: agent-skills
  value: .agents/skills/obsidian-bases
  runtime: null
  scope: project
  owners:
  - kepano/obsidian-skills/skills/obsidian-bases
  active_owner: kepano/obsidian-skills/skills/obsidian-bases
  content_hash: null
- kind: project-relative
  target: agent-skills
  value: .agents/skills/obsidian-bases/SKILL.md
  runtime: null
  scope: project
  owners:
  - kepano/obsidian-skills/skills/obsidian-bases
  active_owner: kepano/obsidian-skills/skills/obsidian-bases
  content_hash: sha256:c0037f20926c7d8591cdd040365e4c0e4c0c4146386a506f28f241faee9a27d9
- kind: project-relative
  target: agent-skills
  value: .agents/skills/obsidian-bases/references/FUNCTIONS_REFERENCE.md
  runtime: null
  scope: project
  owners:
  - kepano/obsidian-skills/skills/obsidian-bases
  active_owner: kepano/obsidian-skills/skills/obsidian-bases
  content_hash: sha256:208fd63aead9bca1975626fea52605e6ab9434dc0529d923feb36b18b8877d3b
- kind: project-relative
  target: agent-skills
  value: .agents/skills/obsidian-cli
  runtime: null
  scope: project
  owners:
  - kepano/obsidian-skills/skills/obsidian-cli
  active_owner: kepano/obsidian-skills/skills/obsidian-cli
  content_hash: null
- kind: project-relative
  target: agent-skills
  value: .agents/skills/obsidian-cli/SKILL.md
  runtime: null
  scope: project
  owners:
  - kepano/obsidian-skills/skills/obsidian-cli
  active_owner: kepano/obsidian-skills/skills/obsidian-cli
  content_hash: sha256:b54257cdc0e5d04488b35b0c797bfe427b24359f0848d3c73924dcacf8da6358
- kind: project-relative
  target: agent-skills
  value: .agents/skills/obsidian-markdown
  runtime: null
  scope: project
  owners:
  - kepano/obsidian-skills/skills/obsidian-markdown
  active_owner: kepano/obsidian-skills/skills/obsidian-markdown
  content_hash: null
- kind: project-relative
  target: agent-skills
  value: .agents/skills/obsidian-markdown/SKILL.md
  runtime: null
  scope: project
  owners:
  - kepano/obsidian-skills/skills/obsidian-markdown
  active_owner: kepano/obsidian-skills/skills/obsidian-markdown
  content_hash: sha256:7ad72e1f0a9081ed325e76b6402ad5de50a00e63e2341fd403a92f147234a007
- kind: project-relative
  target: agent-skills
  value: .agents/skills/obsidian-markdown/references/CALLOUTS.md
  runtime: null
  scope: project
  owners:
  - kepano/obsidian-skills/skills/obsidian-markdown
  active_owner: kepano/obsidian-skills/skills/obsidian-markdown
  content_hash: sha256:9912ec2e3f8711f65b8ceb82cc19cbffc5e6f8ccf2ab627e18926c522c383d8b
- kind: project-relative
  target: agent-skills
  value: .agents/skills/obsidian-markdown/references/EMBEDS.md
  runtime: null
  scope: project
  owners:
  - kepano/obsidian-skills/skills/obsidian-markdown
  active_owner: kepano/obsidian-skills/skills/obsidian-markdown
  content_hash: sha256:63b6205507e28fb58cf200bc348a2b139e50ae739743e2e6316732148973cb7a
- kind: project-relative
  target: agent-skills
  value: .agents/skills/obsidian-markdown/references/PROPERTIES.md
  runtime: null
  scope: project
  owners:
  - kepano/obsidian-skills/skills/obsidian-markdown
  active_owner: kepano/obsidian-skills/skills/obsidian-markdown
  content_hash: sha256:392953b5838c3ab3df135b5a914f100ae7b95e4501b6a2e5c8dc63da3ac7558b
- kind: project-relative
  target: agent-skills
  value: .agents/skills/skill-creator
  runtime: null
  scope: project
  owners:
  - dbroeglin/effective-engineering-skills/.agents/skills/skill-creator
  active_owner: dbroeglin/effective-engineering-skills/.agents/skills/skill-creator
  content_hash: null
- kind: project-relative
  target: agent-skills
  value: .agents/skills/skill-creator/LICENSE.txt
  runtime: null
  scope: project
  owners:
  - dbroeglin/effective-engineering-skills/.agents/skills/skill-creator
  active_owner: dbroeglin/effective-engineering-skills/.agents/skills/skill-creator
  content_hash: sha256:bc6b3af2f331cbc7fb0da1344efb2cbe5877a31498b4d70dbc7000f3405a1362
- kind: project-relative
  target: agent-skills
  value: .agents/skills/skill-creator/NOTICE
  runtime: null
  scope: project
  owners:
  - dbroeglin/effective-engineering-skills/.agents/skills/skill-creator
  active_owner: dbroeglin/effective-engineering-skills/.agents/skills/skill-creator
  content_hash: sha256:6ed79f84fe3b60a36d9189c3509960c863e494bd02974112c78a34ea5c93184f
- kind: project-relative
  target: agent-skills
  value: .agents/skills/skill-creator/SKILL.md
  runtime: null
  scope: project
  owners:
  - dbroeglin/effective-engineering-skills/.agents/skills/skill-creator
  active_owner: dbroeglin/effective-engineering-skills/.agents/skills/skill-creator
  content_hash: sha256:fea7346ea93b1ac99f00b49404908470c700087c5240f417a9f439933a8c4378
- kind: project-relative
  target: agent-skills
  value: .agents/skills/skill-creator/agents/analyzer.md
  runtime: null
  scope: project
  owners:
  - dbroeglin/effective-engineering-skills/.agents/skills/skill-creator
  active_owner: dbroeglin/effective-engineering-skills/.agents/skills/skill-creator
  content_hash: sha256:bf68f4cac5a56c673a928c2e6d619586c5b93ea364026ab37547772cb45a663a
- kind: project-relative
  target: agent-skills
  value: .agents/skills/skill-creator/agents/comparator.md
  runtime: null
  scope: project
  owners:
  - dbroeglin/effective-engineering-skills/.agents/skills/skill-creator
  active_owner: dbroeglin/effective-engineering-skills/.agents/skills/skill-creator
  content_hash: sha256:fe1fc9787c495d864c5d6eada47396478572325fde1b33a96d78bf4b849b7a3e
- kind: project-relative
  target: agent-skills
  value: .agents/skills/skill-creator/agents/grader.md
  runtime: null
  scope: project
  owners:
  - dbroeglin/effective-engineering-skills/.agents/skills/skill-creator
  active_owner: dbroeglin/effective-engineering-skills/.agents/skills/skill-creator
  content_hash: sha256:c4d15596208f8e469bf73eda1b9339765c424f3912509072af5973758db43643
- kind: project-relative
  target: agent-skills
  value: .agents/skills/skill-creator/assets/eval_review.html
  runtime: null
  scope: project
  owners:
  - dbroeglin/effective-engineering-skills/.agents/skills/skill-creator
  active_owner: dbroeglin/effective-engineering-skills/.agents/skills/skill-creator
  content_hash: sha256:ce477dcc74dc1c0d1d3352646a79167b5a63634e936b1019160025065974e452
- kind: project-relative
  target: agent-skills
  value: .agents/skills/skill-creator/eval-viewer/generate_review.py
  runtime: null
  scope: project
  owners:
  - dbroeglin/effective-engineering-skills/.agents/skills/skill-creator
  active_owner: dbroeglin/effective-engineering-skills/.agents/skills/skill-creator
  content_hash: sha256:107edf876437b0fce6e5310469425bb4677ba89401650af25ae18261a51fa7ff
- kind: project-relative
  target: agent-skills
  value: .agents/skills/skill-creator/eval-viewer/viewer.html
  runtime: null
  scope: project
  owners:
  - dbroeglin/effective-engineering-skills/.agents/skills/skill-creator
  active_owner: dbroeglin/effective-engineering-skills/.agents/skills/skill-creator
  content_hash: sha256:822f180860d863283c529fc642918d705a50de92988daa1418c8eb323cc73491
- kind: project-relative
  target: agent-skills
  value: .agents/skills/skill-creator/references/copilot-runtime.md
  runtime: null
  scope: project
  owners:
  - dbroeglin/effective-engineering-skills/.agents/skills/skill-creator
  active_owner: dbroeglin/effective-engineering-skills/.agents/skills/skill-creator
  content_hash: sha256:4f903ab2325aec581c3cc8d6c63cc44c7b72a6be30a11b62d0d2a85a01fd6e0c
- kind: project-relative
  target: agent-skills
  value: .agents/skills/skill-creator/references/schemas.md
  runtime: null
  scope: project
  owners:
  - dbroeglin/effective-engineering-skills/.agents/skills/skill-creator
  active_owner: dbroeglin/effective-engineering-skills/.agents/skills/skill-creator
  content_hash: sha256:d126f53cfbe228bfb5edbf9a9de4bbbfd86bb070eaace905f89d1f57ba881fa7
- kind: project-relative
  target: agent-skills
  value: .agents/skills/skill-creator/requirements.txt
  runtime: null
  scope: project
  owners:
  - dbroeglin/effective-engineering-skills/.agents/skills/skill-creator
  active_owner: dbroeglin/effective-engineering-skills/.agents/skills/skill-creator
  content_hash: sha256:3ba7d7ef26bcd83c7c0b751bd10c7027831c1a56c9bb09abaa5f449e0787f77d
- kind: project-relative
  target: agent-skills
  value: .agents/skills/skill-creator/scripts/__init__.py
  runtime: null
  scope: project
  owners:
  - dbroeglin/effective-engineering-skills/.agents/skills/skill-creator
  active_owner: dbroeglin/effective-engineering-skills/.agents/skills/skill-creator
  content_hash: sha256:e3b0c44298fc1c149afbf4c8996fb92427ae41e4649b934ca495991b7852b855
- kind: project-relative
  target: agent-skills
  value: .agents/skills/skill-creator/scripts/aggregate_benchmark.py
  runtime: null
  scope: project
  owners:
  - dbroeglin/effective-engineering-skills/.agents/skills/skill-creator
  active_owner: dbroeglin/effective-engineering-skills/.agents/skills/skill-creator
  content_hash: sha256:14e1d273f982577df61e5dfd91147ad0ff758c8891564be6ece97f92152f6623
- kind: project-relative
  target: agent-skills
  value: .agents/skills/skill-creator/scripts/copilot_runner.py
  runtime: null
  scope: project
  owners:
  - dbroeglin/effective-engineering-skills/.agents/skills/skill-creator
  active_owner: dbroeglin/effective-engineering-skills/.agents/skills/skill-creator
  content_hash: sha256:7790a9b6b296330044414b78e3d2147c2ca837f61b12df06f569cbc8538df0d9
- kind: project-relative
  target: agent-skills
  value: .agents/skills/skill-creator/scripts/generate_report.py
  runtime: null
  scope: project
  owners:
  - dbroeglin/effective-engineering-skills/.agents/skills/skill-creator
  active_owner: dbroeglin/effective-engineering-skills/.agents/skills/skill-creator
  content_hash: sha256:dd1c740f85a8133666fd2323b8fb9ccd28c54fb83f1a6ee3c5ed2049820ecdb4
- kind: project-relative
  target: agent-skills
  value: .agents/skills/skill-creator/scripts/improve_description.py
  runtime: null
  scope: project
  owners:
  - dbroeglin/effective-engineering-skills/.agents/skills/skill-creator
  active_owner: dbroeglin/effective-engineering-skills/.agents/skills/skill-creator
  content_hash: sha256:dc303381dcd2379101c67a6806ef5adc0fbcd0f6353a6797003a51cdd5e6050f
- kind: project-relative
  target: agent-skills
  value: .agents/skills/skill-creator/scripts/package_skill.py
  runtime: null
  scope: project
  owners:
  - dbroeglin/effective-engineering-skills/.agents/skills/skill-creator
  active_owner: dbroeglin/effective-engineering-skills/.agents/skills/skill-creator
  content_hash: sha256:f3b96e7827f031d581d929412d7710b0a39eb79bd9d7d3c93ed6af022b0c3647
- kind: project-relative
  target: agent-skills
  value: .agents/skills/skill-creator/scripts/quick_validate.py
  runtime: null
  scope: project
  owners:
  - dbroeglin/effective-engineering-skills/.agents/skills/skill-creator
  active_owner: dbroeglin/effective-engineering-skills/.agents/skills/skill-creator
  content_hash: sha256:2e93ab88e2ead35716b6ea7670aaf5bf9c40be1bc6653aefacd6655bbfe4b420
- kind: project-relative
  target: agent-skills
  value: .agents/skills/skill-creator/scripts/run_eval.py
  runtime: null
  scope: project
  owners:
  - dbroeglin/effective-engineering-skills/.agents/skills/skill-creator
  active_owner: dbroeglin/effective-engineering-skills/.agents/skills/skill-creator
  content_hash: sha256:19cb29009551e8a7707e8e8be4a2115effb470e2ee571c4696bacc97f7219504
- kind: project-relative
  target: agent-skills
  value: .agents/skills/skill-creator/scripts/run_loop.py
  runtime: null
  scope: project
  owners:
  - dbroeglin/effective-engineering-skills/.agents/skills/skill-creator
  active_owner: dbroeglin/effective-engineering-skills/.agents/skills/skill-creator
  content_hash: sha256:528790dca1cd889f7cac41bf8817e88cbab9e67a78932d4088be02d096e3ac46
- kind: project-relative
  target: agent-skills
  value: .agents/skills/skill-creator/scripts/utils.py
  runtime: null
  scope: project
  owners:
  - dbroeglin/effective-engineering-skills/.agents/skills/skill-creator
  active_owner: dbroeglin/effective-engineering-skills/.agents/skills/skill-creator
  content_hash: sha256:78cfc768306cd89ba82086546228cd3f7cc17efb3c29f9bf7ee729f8c455670c
- kind: project-relative
  target: agent-skills
  value: .agents/skills/skill-creator/tests/test_artifacts.py
  runtime: null
  scope: project
  owners:
  - dbroeglin/effective-engineering-skills/.agents/skills/skill-creator
  active_owner: dbroeglin/effective-engineering-skills/.agents/skills/skill-creator
  content_hash: sha256:df1fbda440314cca9eede9949de5ee5bc2a59b09cea74f13b4c51c5bf493247f
- kind: project-relative
  target: agent-skills
  value: .agents/skills/skill-creator/tests/test_copilot.py
  runtime: null
  scope: project
  owners:
  - dbroeglin/effective-engineering-skills/.agents/skills/skill-creator
  active_owner: dbroeglin/effective-engineering-skills/.agents/skills/skill-creator
  content_hash: sha256:ee60d5e857a62e8522b8367c6997839d2ee51e0a0958b854fd08c5dd86e0a252
- kind: project-relative
  target: agent-skills
  value: .agents/skills/skill-creator/tests/test_packaging.py
  runtime: null
  scope: project
  owners:
  - dbroeglin/effective-engineering-skills/.agents/skills/skill-creator
  active_owner: dbroeglin/effective-engineering-skills/.agents/skills/skill-creator
  content_hash: sha256:af71e29ae533f409da8da40de670103714efd2b756c2df39c62b1a00a8e6425a
