{
  "name": "clew-course-reader",
  "version": "0.1.0",
  "lockfileVersion": 3,
  "requires": true,
  "packages": {
    "": {
      "name": "clew-course-reader",
      "version": "0.1.0",
      "dependencies": {
        "@mdit/plugin-katex": "1.1.1",
        "katex": "0.18.7",
        "markdown-it": "15.0.2",
        "yaml": "2.9.1"
      },
      "devDependencies": {
        "playwright": "1.63.0"
      },
      "engines": {
        "node": ">=22.12.0"
      }
    },
    "node_modules/@mdit/helper": {
      "version": "1.1.1",
      "integrity": "sha1-B+Ll5FbH8pd7Oi666CI3ujsGHEo=",
      "license": "MIT",
      "engines": {
        "node": ">=22"
      },
      "peerDependencies": {
        "markdown-it": "^15.0.1"
      },
      "peerDependenciesMeta": {
        "markdown-it": {
          "optional": true
        }
      }
    },
    "node_modules/@mdit/plugin-katex": {
      "version": "1.1.1",
      "integrity": "sha1-IReT7K7N1yQyxAZhrUQFSzWb5tQ=",
      "license": "MIT",
      "dependencies": {
        "@mdit/helper": "1.1.1",
        "@mdit/plugin-tex": "1.1.1",
        "katex": "^0.18.6"
      },
      "engines": {
        "node": ">=22"
      },
      "peerDependencies": {
        "markdown-it": "^15.0.1"
      },
      "peerDependenciesMeta": {
        "markdown-it": {
          "optional": true
        }
      }
    },
    "node_modules/@mdit/plugin-tex": {
      "version": "1.1.1",
      "integrity": "sha1-0CYQ2yORrA1GBTcP9lqWkVAWl90=",
      "license": "MIT",
      "dependencies": {
        "@mdit/helper": "1.1.1"
      },
      "engines": {
        "node": ">=22"
      },
      "peerDependencies": {
        "markdown-it": "^15.0.1"
      },
      "peerDependenciesMeta": {
        "markdown-it": {
          "optional": true
        }
      }
    },
    "node_modules/argparse": {
      "version": "3.0.2",
      "integrity": "sha512-mFdDM6WqWKraGLsVb+C9CahPnzTXOefAOLq3jYcca2YZ8bEWpr++Tzj+zSaKW9+X9L5uSxcm1AZ3Y6aZJ09OhQ==",
      "funding": [
        {
          "type": "github",
          "url": "https://github.com/sponsors/puzrin"
        },
        {
          "type": "github",
          "url": "https://github.com/sponsors/nodeca"
        }
      ],
      "license": "PSF-2.0"
    },
    "node_modules/commander": {
      "version": "15.0.0",
      "integrity": "sha1-lvOWHxKtrBeZ7z+9i8YdQFctGxE=",
      "license": "MIT",
      "engines": {
        "node": ">=22.12.0"
      }
    },
    "node_modules/entities": {
      "version": "8.1.0",
      "integrity": "sha1-ljLWlhnr2+DPDvIvUwiP5aIWPYY=",
      "license": "BSD-2-Clause",
      "engines": {
        "node": ">=20.19.0"
      },
      "funding": {
        "url": "https://github.com/fb55/entities?sponsor=1"
      }
    },
    "node_modules/katex": {
      "version": "0.18.7",
      "integrity": "sha1-lyMnoMD4O+VEI8jMUNC8NpNSP6c=",
      "funding": [
        "https://opencollective.com/katex",
        "https://github.com/sponsors/katex"
      ],
      "license": "MIT",
      "dependencies": {
        "commander": "^15.0.0"
      },
      "bin": {
        "katex": "cli.js"
      }
    },
    "node_modules/linkify-it": {
      "version": "6.1.0",
      "integrity": "sha1-zXUNcP6SletxaeYy7mek/0Pn9i0=",
      "funding": [
        {
          "type": "github",
          "url": "https://github.com/sponsors/puzrin"
        },
        {
          "type": "github",
          "url": "https://github.com/sponsors/markdown-it"
        }
      ],
      "license": "MIT",
      "dependencies": {
        "uc.micro": "^3.0.0"
      }
    },
    "node_modules/markdown-it": {
      "version": "15.0.2",
      "integrity": "sha512-q4IGxMv56jCqT4OCRCADBoDP3LO4MhmTXjFbphHPXs4g3j9Xg5RDnxqN8IF/3vIWEU+VCnUq+7JUg/cfy2E6Qw==",
      "funding": [
        {
          "type": "github",
          "url": "https://github.com/sponsors/puzrin"
        },
        {
          "type": "github",
          "url": "https://github.com/sponsors/markdown-it"
        }
      ],
      "license": "MIT",
      "dependencies": {
        "argparse": "^3.0.0",
        "entities": "^8.0.0",
        "linkify-it": "^6.0.0",
        "mdurl": "^2.1.0",
        "punycode.js": "^2.3.1",
        "uc.micro": "^3.0.0"
      },
      "bin": {
        "markdown-it": "bin/markdown-it.mjs"
      }
    },
    "node_modules/mdurl": {
      "version": "2.1.0",
      "integrity": "sha1-1xHT97zn8ixIfJG+eFRfNW+pZXM=",
      "license": "MIT"
    },
    "node_modules/playwright": {
      "version": "1.63.0",
      "integrity": "sha1-mbVvn2mxtwxE8Av4Sy/lI0iuJRE=",
      "dev": true,
      "license": "Apache-2.0",
      "dependencies": {
        "playwright-core": "1.63.0"
      },
      "bin": {
        "playwright": "cli.js"
      },
      "engines": {
        "node": ">=20"
      }
    },
    "node_modules/playwright-core": {
      "version": "1.63.0",
      "integrity": "sha1-5XZlvDKEbCE6w5oeTVvGIo52s3Y=",
      "dev": true,
      "license": "Apache-2.0",
      "bin": {
        "playwright-core": "cli.js"
      },
      "engines": {
        "node": ">=20"
      }
    },
    "node_modules/punycode.js": {
      "version": "2.3.1",
      "integrity": "sha1-a1PlatdViCNOefSv+pCXLH3Yzbc=",
      "license": "MIT",
      "engines": {
        "node": ">=6"
      }
    },
    "node_modules/uc.micro": {
      "version": "3.0.0",
      "integrity": "sha1-ZNbLC/4qVYzg7HyMDciKAtiY9QY=",
      "license": "MIT"
    },
    "node_modules/yaml": {
      "version": "2.9.1",
      "integrity": "sha512-3NxN8+78OdzbT7C/WjGsyfPAtJaN3FNDsWxv7Y7mcDsT/oOmgW8BpyQQFFBnvZE3j9Y2Sdz1ULFLezL7Eb2yFw==",
      "license": "ISC",
      "bin": {
        "yaml": "bin.mjs"
      },
      "engines": {
        "node": ">= 14.6"
      },
      "funding": {
        "url": "https://github.com/sponsors/eemeli"
      }
    }
  }
}
